<?xml version="1.0" encoding="utf-8"?>
<Project ToolsVersion="4.0" xmlns="http://schemas.microsoft.com/developer/msbuild/2003">
  <ItemGroup>
    <Filter Include="소스 파일">
      <UniqueIdentifier>{4FC737F1-C7A5-4376-A066-2A32D752A2FF}</UniqueIdentifier>
      <Extensions>cpp;c;cc;cxx;c++;cppm;ixx;def;odl;idl;hpj;bat;asm;asmx</Extensions>
    </Filter>
    <Filter Include="헤더 파일">
      <UniqueIdentifier>{93995380-89BD-4b04-88EB-625FBE52EBFB}</UniqueIdentifier>
      <Extensions>h;hh;hpp;hxx;h++;hm;inl;inc;ipp;xsd</Extensions>
    </Filter>
    <Filter Include="리소스 파일">
      <UniqueIdentifier>{67DA6AB6-F800-4c08-8B7A-83BB121AAD01}</UniqueIdentifier>
      <Extensions>rc;ico;cur;bmp;dlg;rc2;rct;bin;rgs;gif;jpg;jpeg;jpe;resx;tiff;tif;png;wav;mfcribbon-ms</Extensions>
    </Filter>
    <Filter Include="리소스 파일\Font">
      <UniqueIdentifier>{ee74d47a-97e8-48a9-9bc9-d38f847bf506}</UniqueIdentifier>
    </Filter>
  </ItemGroup>
  <ItemGroup>
    <ClInclude Include="colorshaderclass.h">
      <Filter>헤더 파일</Filter>
    </ClInclude>
    <ClInclude Include="d3dclass.h">
      <Filter>헤더 파일</Filter>
    </ClInclude>
    <ClInclude Include="DDSTextureLoader.h">
      <Filter>헤더 파일</Filter>
    </ClInclude>
    <ClInclude Include="graphicsclass.h">
      <Filter>헤더 파일</Filter>
    </ClInclude>
    <ClInclude Include="inputclass.h">
      <Filter>헤더 파일</Filter>
    </ClInclude>
    <ClInclude Include="lightclass.h">
      <Filter>헤더 파일</Filter>
    </ClInclude>
    <ClInclude Include="lightshaderclass.h">
      <Filter>헤더 파일</Filter>
    </ClInclude>
    <ClInclude Include="modelclass.h">
      <Filter>헤더 파일</Filter>
    </ClInclude>
    <ClInclude Include="systemclass.h">
      <Filter>헤더 파일</Filter>
    </ClInclude>
    <ClInclude Include="textureclass.h">
      <Filter>헤더 파일</Filter>
    </ClInclude>
    <ClInclude Include="textureshaderclass.h">
      <Filter>헤더 파일</Filter>
    </ClInclude>
    <ClInclude Include="AlignedAllocationPolicy.h">
      <Filter>헤더 파일</Filter>
    </ClInclude>
    <ClInclude Include="cameraclass.h">
      <Filter>헤더 파일</Filter>
    </ClInclude>
    <ClInclude Include="instancemodelclass.h">
      <Filter>헤더 파일</Filter>
    </ClInclude>
    <ClInclude Include="fontshaderclass.h">
      <Filter>헤더 파일</Filter>
    </ClInclude>
    <ClInclude Include="fpsclass.h">
      <Filter>헤더 파일</Filter>
    </ClInclude>
    <ClInclude Include="timerclass.h">
      <Filter>헤더 파일</Filter>
    </ClInclude>
    <ClInclude Include="bitmapclass.h">
      <Filter>헤더 파일</Filter>
    </ClInclude>
    <ClInclude Include="cpuclass.h">
      <Filter>헤더 파일</Filter>
    </ClInclude>
    <ClInclude Include="fontclass.h">
      <Filter>헤더 파일</Filter>
    </ClInclude>
    <ClInclude Include="textclass.h">
      <Filter>헤더 파일</Filter>
    </ClInclude>
    <ClInclude Include="ModelData.h">
      <Filter>헤더 파일</Filter>
    </ClInclude>
    <ClInclude Include="car.h">
      <Filter>헤더 파일</Filter>
    </ClInclude>
    <ClInclude Include="Day.h">
      <Filter>헤더 파일</Filter>
    </ClInclude>
    <ClInclude Include="skyboxclass.h">
      <Filter>헤더 파일</Filter>
    </ClInclude>
    <ClInclude Include="bottleclass.h">
      <Filter>헤더 파일</Filter>
    </ClInclude>
    <ClInclude Include="gunclass.h">
      <Filter>헤더 파일</Filter>
    </ClInclude>
    <ClInclude Include="pickclass.h">
      <Filter>헤더 파일</Filter>
    </ClInclude>
    <ClInclude Include="interactablemodelclass.h">
      <Filter>헤더 파일</Filter>
    </ClInclude>
    <ClInclude Include="enemyclass.h">
      <Filter>헤더 파일</Filter>
    </ClInclude>
    <ClInclude Include="ParticleShaderClass.h">
      <Filter>헤더 파일</Filter>
    </ClInclude>
    <ClInclude Include="ParticleSystemClass.h">
      <Filter>헤더 파일</Filter>
    </ClInclude>
    <ClInclude Include="stdafx.h">
      <Filter>헤더 파일</Filter>
    </ClInclude>
    <ClInclude Include="soundclass.h">
      <Filter>헤더 파일</Filter>
    </ClInclude>
  </ItemGroup>
  <ItemGroup>
    <ClCompile Include="colorshaderclass.cpp">
      <Filter>소스 파일</Filter>
    </ClCompile>
    <ClCompile Include="d3dclass.cpp">
      <Filter>소스 파일</Filter>
    </ClCompile>
    <ClCompile Include="DDSTextureLoader.cpp">
      <Filter>소스 파일</Filter>
    </ClCompile>
    <ClCompile Include="graphicsclass.cpp">
      <Filter>소스 파일</Filter>
    </ClCompile>
    <ClCompile Include="inputclass.cpp">
      <Filter>소스 파일</Filter>
    </ClCompile>
    <ClCompile Include="lightclass.cpp">
      <Filter>소스 파일</Filter>
    </ClCompile>
    <ClCompile Include="lightshaderclass.cpp">
      <Filter>소스 파일</Filter>
    </ClCompile>
    <ClCompile Include="main.cpp">
      <Filter>소스 파일</Filter>
    </ClCompile>
    <ClCompile Include="modelclass.cpp">
      <Filter>소스 파일</Filter>
    </ClCompile>
    <ClCompile Include="systemclass.cpp">
      <Filter>소스 파일</Filter>
    </ClCompile>
    <ClCompile Include="textureclass.cpp">
      <Filter>소스 파일</Filter>
    </ClCompile>
    <ClCompile Include="textureshaderclass.cpp">
      <Filter>소스 파일</Filter>
    </ClCompile>
    <ClCompile Include="cameraclass.cpp">
      <Filter>소스 파일</Filter>
    </ClCompile>
    <ClCompile Include="instancemodelclass.cpp">
      <Filter>소스 파일</Filter>
    </ClCompile>
    <ClCompile Include="fontshaderclass.cpp">
      <Filter>소스 파일</Filter>
    </ClCompile>
    <ClCompile Include="fpsclass.cpp">
      <Filter>소스 파일</Filter>
    </ClCompile>
    <ClCompile Include="timerclass.cpp">
      <Filter>소스 파일</Filter>
    </ClCompile>
    <ClCompile Include="bitmapclass.cpp">
      <Filter>소스 파일</Filter>
    </ClCompile>
    <ClCompile Include="cpuclass.cpp">
      <Filter>소스 파일</Filter>
    </ClCompile>
    <ClCompile Include="fontclass.cpp">
      <Filter>소스 파일</Filter>
    </ClCompile>
    <ClCompile Include="textclass.cpp">
      <Filter>소스 파일</Filter>
    </ClCompile>
    <ClCompile Include="ModelData.cpp">
      <Filter>소스 파일</Filter>
    </ClCompile>
    <ClCompile Include="car.cpp">
      <Filter>소스 파일</Filter>
    </ClCompile>
    <ClCompile Include="skyboxclass.cpp">
      <Filter>소스 파일</Filter>
    </ClCompile>
    <ClCompile Include="bottleclass.cpp">
      <Filter>소스 파일</Filter>
    </ClCompile>
    <ClCompile Include="gunclass.cpp">
      <Filter>소스 파일</Filter>
    </ClCompile>
    <ClCompile Include="pickclass.cpp">
      <Filter>소스 파일</Filter>
    </ClCompile>
    <ClCompile Include="interactablemodelclass.cpp">
      <Filter>소스 파일</Filter>
    </ClCompile>
    <ClCompile Include="enemyclass.cpp">
      <Filter>소스 파일</Filter>
    </ClCompile>
    <ClCompile Include="ParticleShaderClass.cpp">
      <Filter>소스 파일</Filter>
    </ClCompile>
    <ClCompile Include="ParticleSystemClass.cpp">
      <Filter>소스 파일</Filter>
    </ClCompile>
    <ClCompile Include="stdafx.cpp">
      <Filter>소스 파일</Filter>
    </ClCompile>
    <ClCompile Include="soundclass.cpp">
      <Filter>소스 파일</Filter>
    </ClCompile>
  </ItemGroup>
  <ItemGroup>
    <None Include="data\light.ps">
      <Filter>리소스 파일</Filter>
    </None>
    <None Include="data\light.vs">
      <Filter>리소스 파일</Filter>
    </None>
    <None Include="data\lightUsingInstance.vs">
      <Filter>리소스 파일</Filter>
    </None>
    <None Include="data\font.ps">
      <Filter>리소스 파일</Filter>
    </None>
    <None Include="data\font.vs">
      <Filter>리소스 파일</Filter>
    </None>
    <None Include="data\texture.ps">
      <Filter>리소스 파일</Filter>
    </None>
    <None Include="data\texture.vs">
      <Filter>리소스 파일</Filter>
    </None>
    <None Include="data\lightUsingBillboard.vs">
      <Filter>리소스 파일</Filter>
    </None>
  </ItemGroup>
  <ItemGroup>
    <Image Include="data\brick0.dds">
      <Filter>리소스 파일</Filter>
    </Image>
    <Image Include="data\camera_tv_d.dds">
      <Filter>리소스 파일</Filter>
    </Image>
    <Image Include="data\font.dds">
      <Filter>리소스 파일</Filter>
    </Image>
    <Image Include="data\Font\finalfont2.dds">
      <Filter>리소스 파일\Font</Filter>
    </Image>
    <Image Include="data\Font\finalfont3.dds">
      <Filter>리소스 파일\Font</Filter>
    </Image>
    <Image Include="skymap.dds">
      <Filter>리소스 파일</Filter>
    </Image>
    <Image Include="skymap2.dds">
      <Filter>리소스 파일</Filter>
    </Image>
    <Image Include="data\LineOfSight.dds">
      <Filter>리소스 파일</Filter>
    </Image>
    <Image Include="data\Aim.dds">
      <Filter>리소스 파일</Filter>
    </Image>
    <Image Include="data\GunAndArm.dds">
      <Filter>리소스 파일</Filter>
    </Image>
    <Image Include="data\UI\HP\hp1.dds">
      <Filter>리소스 파일</Filter>
    </Image>
  </ItemGroup>
  <ItemGroup>
    <Text Include="data\fontdata.txt">
      <Filter>리소스 파일</Filter>
    </Text>
    <Text Include="data\Font\finalfontdata.txt">
      <Filter>리소스 파일</Filter>
    </Text>
    <Text Include="data\Font\finalfontdata2.txt">
      <Filter>리소스 파일\Font</Filter>
    </Text>
    <Text Include="data\Font\finalfontdata3.txt">
      <Filter>리소스 파일\Font</Filter>
    </Text>
  </ItemGroup>
  <ItemGroup>
    <Object Include="data\floor1.obj">
      <Filter>리소스 파일</Filter>
    </Object>
    <Object Include="data\floor13.obj">
      <Filter>리소스 파일</Filter>
    </Object>
    <Object Include="data\GunAndArm.obj">
      <Filter>리소스 파일</Filter>
    </Object>
  </ItemGroup>
  <ItemGroup>
    <FxCompile Include="Effects.fx">
      <Filter>리소스 파일</Filter>
    </FxCompile>
    <FxCompile Include="particle_ps.hlsl">
      <Filter>리소스 파일</Filter>
    </FxCompile>
    <FxCompile Include="particle_vs.hlsl">
      <Filter>리소스 파일</Filter>
    </FxCompile>
  </ItemGroup>
</Project>